
Microsoft Visual Studio Solution File, Format Version 12.00
# Visual Studio 15
Project("{FAE04EC0-301F-11D3-BF4B-00C04F79EFBC}") = "Assembly-CSharp", "Assembly-CSharp.csproj", "{B784E68F-C3FB-2D29-1C60-C3F9F9B25D4C}"
EndProject
Project("{FAE04EC0-301F-11D3-BF4B-00C04F79EFBC}") = "Assembly-CSharp-Editor", "Assembly-CSharp-Editor.csproj", "{118468BF-6EDC-3152-7E0B-ECB2C7A260A5}"
EndProject
Global
	GlobalSection(SolutionConfigurationPlatforms) = preSolution
		Debug|Any CPU = Debug|Any CPU
		Release|Any CPU = Release|Any CPU
	EndGlobalSection
	GlobalSection(ProjectConfigurationPlatforms) = postSolution
		{B784E68F-C3FB-2D29-1C60-C3F9F9B25D4C}.Debug|Any CPU.ActiveCfg = Debug|Any CPU
		{B784E68F-C3FB-2D29-1C60-C3F9F9B25D4C}.Debug|Any CPU.Build.0 = Debug|Any CPU
		{B784E68F-C3FB-2D29-1C60-C3F9F9B25D4C}.Release|Any CPU.ActiveCfg = Release|Any CPU
		{B784E68F-C3FB-2D29-1C60-C3F9F9B25D4C}.Release|Any CPU.Build.0 = Release|Any CPU
		{118468BF-6EDC-3152-7E0B-ECB2C7A260A5}.Debug|Any CPU.ActiveCfg = Debug|Any CPU
		{118468BF-6EDC-3152-7E0B-ECB2C7A260A5}.Debug|Any CPU.Build.0 = Debug|Any CPU
		{118468BF-6EDC-3152-7E0B-ECB2C7A260A5}.Release|Any CPU.ActiveCfg = Release|Any CPU
		{118468BF-6EDC-3152-7E0B-ECB2C7A260A5}.Release|Any CPU.Build.0 = Release|Any CPU
	EndGlobalSection
	GlobalSection(SolutionProperties) = preSolution
		HideSolutionNode = FALSE
	EndGlobalSection
EndGlobal
